{
    "_readme": [
        "This file locks the dependencies of your project to a known state",
        "Read more about it at https://getcomposer.org/doc/01-basic-usage.md#composer-lock-the-lock-file",
        "This file is @generated automatically"
    ],
    "hash": "29b6df36a0dacd5770fd4431a2cd65a2",
    "content-hash": "acc066f9a647425ae28b55656c866bc9",
    "packages": [
        {
            "name": "jukylin/jaeger-php",
            "version": "v2.0.4-beta",
            "source": {
                "type": "git",
                "url": "https://github.com/jukylin/jaeger-php.git",
                "reference": "18b1ffc2e1fee1efd7a1749e8815c5ee557359cd"
            },
            "dist": {
                "type": "zip",
                "url": "https://api.github.com/repos/jukylin/jaeger-php/zipball/18b1ffc2e1fee1efd7a1749e8815c5ee557359cd",
                "reference": "18b1ffc2e1fee1efd7a1749e8815c5ee557359cd",
                "shasum": "",
                "mirrors": [
                    {
                        "url": "https://dl.laravel-china.org/%package%/%reference%.%type%",
                        "preferred": true
                    }
                ]
            },
            "require": {
                "opentracing/opentracing": "1.0.0-beta2",
                "packaged/thrift": "0.10.0",
                "php": ">=5.6.0"
            },
            "type": "library",
            "autoload": {
                "psr-4": {
                    "Jaeger\\": "src\\Jaeger"
                },
                "files": [
                    "src/Jaeger/Constants.php"
                ]
            },
            "notification-url": "https://packagist.org/downloads/",
            "license": [
                "MIT"
            ],
            "authors": [
                {
                    "name": "jukylin",
                    "email": "742161455@qq.com"
                }
            ],
            "description": "php client for jaeger",
            "keywords": [
                "jaeger",
                "opentracing",
                "trace"
            ],
            "time": "2018-10-17 01:24:47"
        },
        {
            "name": "opentracing/opentracing",
            "version": "1.0.0-beta2",
            "source": {
                "type": "git",
                "url": "https://github.com/opentracing/opentracing-php.git",
                "reference": "ef331f2658df33e46d951316bcc80539ace005fb"
            },
            "dist": {
                "type": "zip",
                "url": "https://api.github.com/repos/opentracing/opentracing-php/zipball/ef331f2658df33e46d951316bcc80539ace005fb",
                "reference": "ef331f2658df33e46d951316bcc80539ace005fb",
                "shasum": "",
                "mirrors": [
                    {
                        "url": "https://dl.laravel-china.org/%package%/%reference%.%type%",
                        "preferred": true
                    }
                ]
            },
            "require": {
                "php": "^5.6||^7.0"
            },
            "require-dev": {
                "phpunit/phpunit": "~5.7.19",
                "squizlabs/php_codesniffer": "3.*"
            },
            "type": "library",
            "autoload": {
                "psr-4": {
                    "OpenTracing\\": "./src/OpenTracing/"
                },
                "files": [
                    "./src/OpenTracing/Ext/Tags.php",
                    "./src/OpenTracing/Formats.php"
                ]
            },
            "notification-url": "https://packagist.org/downloads/",
            "license": [
                "MIT"
            ],
            "authors": [
                {
                    "name": "José Carlos Chávez",
                    "email": "jcchavezs@gmail.com"
                }
            ],
            "description": "OpenTracing API for PHP",
            "time": "2017-11-15 07:59:22"
        },
        {
            "name": "packaged/thrift",
            "version": "0.10.0",
            "source": {
                "type": "git",
                "url": "https://github.com/packaged/thrift.git",
                "reference": "8af3f4c0388319f65a2522844d80d8ded60d211b"
            },
            "dist": {
                "type": "zip",
                "url": "https://api.github.com/repos/packaged/thrift/zipball/8af3f4c0388319f65a2522844d80d8ded60d211b",
                "reference": "8af3f4c0388319f65a2522844d80d8ded60d211b",
                "shasum": "",
                "mirrors": [
                    {
                        "url": "https://dl.laravel-china.org/%package%/%reference%.%type%",
                        "preferred": true
                    }
                ]
            },
            "require": {
                "php": ">=5.0.0"
            },
            "type": "library",
            "autoload": {
                "psr-0": {
                    "Thrift\\": "src/"
                }
            },
            "notification-url": "https://packagist.org/downloads/",
            "license": [
                "Apache-2.0"
            ],
            "description": "Apache Thrift",
            "homepage": "http://thrift.apache.org/",
            "keywords": [
                "apache",
                "thrift"
            ],
            "time": "2017-06-05 07:52:51"
        },
        {
            "name": "psr/http-message",
            "version": "dev-master",
            "source": {
                "type": "git",
                "url": "https://github.com/php-fig/http-message.git",
                "reference": "f6561bf28d520154e4b0ec72be95418abe6d9363"
            },
            "dist": {
                "type": "zip",
                "url": "https://api.github.com/repos/php-fig/http-message/zipball/f6561bf28d520154e4b0ec72be95418abe6d9363",
                "reference": "f6561bf28d520154e4b0ec72be95418abe6d9363",
                "shasum": "",
                "mirrors": [
                    {
                        "url": "https://dl.laravel-china.org/%package%/%reference%.%type%",
                        "preferred": true
                    }
                ]
            },
            "require": {
                "php": ">=5.3.0"
            },
            "type": "library",
            "extra": {
                "branch-alias": {
                    "dev-master": "1.0.x-dev"
                }
            },
            "autoload": {
                "psr-4": {
                    "Psr\\Http\\Message\\": "src/"
                }
            },
            "notification-url": "https://packagist.org/downloads/",
            "license": [
                "MIT"
            ],
            "authors": [
                {
                    "name": "PHP-FIG",
                    "homepage": "http://www.php-fig.org/"
                }
            ],
            "description": "Common interface for HTTP messages",
            "homepage": "https://github.com/php-fig/http-message",
            "keywords": [
                "http",
                "http-message",
                "psr",
                "psr-7",
                "request",
                "response"
            ],
            "time": "2016-08-06 14:39:51"
        },
        {
            "name": "psr/http-server-handler",
            "version": "dev-master",
            "source": {
                "type": "git",
                "url": "https://github.com/php-fig/http-server-handler.git",
                "reference": "aff2f80e33b7f026ec96bb42f63242dc50ffcae7"
            },
            "dist": {
                "type": "zip",
                "url": "https://api.github.com/repos/php-fig/http-server-handler/zipball/aff2f80e33b7f026ec96bb42f63242dc50ffcae7",
                "reference": "aff2f80e33b7f026ec96bb42f63242dc50ffcae7",
                "shasum": "",
                "mirrors": [
                    {
                        "url": "https://dl.laravel-china.org/%package%/%reference%.%type%",
                        "preferred": true
                    }
                ]
            },
            "require": {
                "php": ">=7.0",
                "psr/http-message": "^1.0"
            },
            "type": "library",
            "extra": {
                "branch-alias": {
                    "dev-master": "1.0.x-dev"
                }
            },
            "autoload": {
                "psr-4": {
                    "Psr\\Http\\Server\\": "src/"
                }
            },
            "notification-url": "https://packagist.org/downloads/",
            "license": [
                "MIT"
            ],
            "authors": [
                {
                    "name": "PHP-FIG",
                    "homepage": "http://www.php-fig.org/"
                }
            ],
            "description": "Common interface for HTTP server-side request handler",
            "keywords": [
                "handler",
                "http",
                "http-interop",
                "psr",
                "psr-15",
                "psr-7",
                "request",
                "response",
                "server"
            ],
            "time": "2018-10-30 16:46:14"
        }
    ],
    "packages-dev": [],
    "aliases": [],
    "minimum-stability": "dev",
    "stability-flags": [],
    "prefer-stable": false,
    "prefer-lowest": false,
    "platform": [],
    "platform-dev": []
}
